
Microsoft Visual Studio Solution File, Format Version 12.00
# Visual Studio Version 17
VisualStudioVersion = 17.14.37203.1 d17.14
MinimumVisualStudioVersion = 10.0.40219.1
Project("{FAE04EC0-301F-11D3-BF4B-00C04F79EFBC}") = "WindowsFormsApp1", "WindowsFormsApp1\WindowsFormsApp1.csproj", "{30ACE83B-A2C7-4946-A18F-572F69A9D2C2}"
EndProject
Global
	GlobalSection(SolutionConfigurationPlatforms) = preSolution
		Debug|Any CPU = Debug|Any CPU
		Release|Any CPU = Release|Any CPU
	EndGlobalSection
	GlobalSection(ProjectConfigurationPlatforms) = postSolution
		{30ACE83B-A2C7-4946-A18F-572F69A9D2C2}.Debug|Any CPU.ActiveCfg = Debug|Any CPU
		{30ACE83B-A2C7-4946-A18F-572F69A9D2C2}.Debug|Any CPU.Build.0 = Debug|Any CPU
		{30ACE83B-A2C7-4946-A18F-572F69A9D2C2}.Release|Any CPU.ActiveCfg = Release|Any CPU
		{30ACE83B-A2C7-4946-A18F-572F69A9D2C2}.Release|Any CPU.Build.0 = Release|Any CPU
	EndGlobalSection
	GlobalSection(SolutionProperties) = preSolution
		HideSolutionNode = FALSE
	EndGlobalSection
	GlobalSection(ExtensibilityGlobals) = postSolution
		SolutionGuid = {5D902C40-7B70-4554-8ECA-DE6B425AEA68}
	EndGlobalSection
EndGlobal
